// !$*UTF8*$!
{
	archiveVersion = 1;
	classes = {
	};
	objectVersion = 50;
	objects = {

/* Begin PBXBuildFile section */
		046EB0CA21C39F0900E1EE52 /* SQLiteManager.swift in Sources */ = {isa = PBXBuildFile; fileRef = 046EB0C921C39F0900E1EE52 /* SQLiteManager.swift */; };
		0490070B21C74D3D00A32718 /* UserDetailViewController.swift in Sources */ = {isa = PBXBuildFile; fileRef = 0490070921C74D3D00A32718 /* UserDetailViewController.swift */; };
		0490070C21C74D3D00A32718 /* UserDetailViewController.xib in Resources */ = {isa = PBXBuildFile; fileRef = 0490070A21C74D3D00A32718 /* UserDetailViewController.xib */; };
		0490070E21C7503700A32718 /* UserDetailHeader.swift in Sources */ = {isa = PBXBuildFile; fileRef = 0490070D21C7503700A32718 /* UserDetailHeader.swift */; };
		0490071021C7504D00A32718 /* UserDetailHeader.xib in Resources */ = {isa = PBXBuildFile; fileRef = 0490070F21C7504D00A32718 /* UserDetailHeader.xib */; };
		0490071221C791A200A32718 /* UserDetail.swift in Sources */ = {isa = PBXBuildFile; fileRef = 0490071121C791A200A32718 /* UserDetail.swift */; };
		04D3443B21C23B54007B08B7 /* OffLineDownLoadViewController.swift in Sources */ = {isa = PBXBuildFile; fileRef = 04D3443A21C23B54007B08B7 /* OffLineDownLoadViewController.swift */; };
		04D3443E21C23C00007B08B7 /* OffLineDownLoadCell.swift in Sources */ = {isa = PBXBuildFile; fileRef = 04D3443C21C23C00007B08B7 /* OffLineDownLoadCell.swift */; };
		04D3443F21C23C00007B08B7 /* OffLineDownLoadCell.xib in Resources */ = {isa = PBXBuildFile; fileRef = 04D3443D21C23C00007B08B7 /* OffLineDownLoadCell.xib */; };
		04D3444221C23E3A007B08B7 /* HomeNewsTitle.swift in Sources */ = {isa = PBXBuildFile; fileRef = 04D3444121C23E3A007B08B7 /* HomeNewsTitle.swift */; };
		04D50805219A614B005DE338 /* Assets.xcassets in Resources */ = {isa = PBXBuildFile; fileRef = 04D50804219A614B005DE338 /* Assets.xcassets */; };
		04D50813219A614B005DE338 /* NewsTests.swift in Sources */ = {isa = PBXBuildFile; fileRef = 04D50812219A614B005DE338 /* NewsTests.swift */; };
		04D5081E219A614B005DE338 /* NewsUITests.swift in Sources */ = {isa = PBXBuildFile; fileRef = 04D5081D219A614B005DE338 /* NewsUITests.swift */; };
		04D50853219A8489005DE338 /* HuoShanViewController.swift in Sources */ = {isa = PBXBuildFile; fileRef = 04D50839219A8489005DE338 /* HuoShanViewController.swift */; };
		04D50858219A8489005DE338 /* HomeViewController.swift in Sources */ = {isa = PBXBuildFile; fileRef = 04D50846219A8489005DE338 /* HomeViewController.swift */; };
		04D5085A219A8489005DE338 /* VideoViewController.swift in Sources */ = {isa = PBXBuildFile; fileRef = 04D50850219A8489005DE338 /* VideoViewController.swift */; };
		04D5085F219A84B6005DE338 /* MyNavigationController.swift in Sources */ = {isa = PBXBuildFile; fileRef = 04D5085B219A84B6005DE338 /* MyNavigationController.swift */; };
		04D50860219A84B6005DE338 /* MyTabBarController.swift in Sources */ = {isa = PBXBuildFile; fileRef = 04D5085C219A84B6005DE338 /* MyTabBarController.swift */; };
		04D50862219A84B6005DE338 /* AppDelegate.swift in Sources */ = {isa = PBXBuildFile; fileRef = 04D5085E219A84B6005DE338 /* AppDelegate.swift */; };
		04D50867219AB363005DE338 /* MyTabBar.swift in Sources */ = {isa = PBXBuildFile; fileRef = 04D50866219AB363005DE338 /* MyTabBar.swift */; };
		04D7F5A721C344D1000CC40E /* libsqlite3.0.tbd in Frameworks */ = {isa = PBXBuildFile; fileRef = 04D7F5A621C344D1000CC40E /* libsqlite3.0.tbd */; };
		04DB9DE121DEF3E500BF5AF7 /* RelationRecommendView.swift in Sources */ = {isa = PBXBuildFile; fileRef = 04DB9DE021DEF3E500BF5AF7 /* RelationRecommendView.swift */; };
		04DB9DE321DEF40400BF5AF7 /* RelationRecommendView.xib in Resources */ = {isa = PBXBuildFile; fileRef = 04DB9DE221DEF40400BF5AF7 /* RelationRecommendView.xib */; };
		04DB9DE621DF041200BF5AF7 /* RelationRecommendCell.swift in Sources */ = {isa = PBXBuildFile; fileRef = 04DB9DE421DF041200BF5AF7 /* RelationRecommendCell.swift */; };
		04DB9DE721DF041200BF5AF7 /* RelationRecommendCell.xib in Resources */ = {isa = PBXBuildFile; fileRef = 04DB9DE521DF041200BF5AF7 /* RelationRecommendCell.xib */; };
		04DE2CBB21B620C200D634A3 /* MineViewController.swift in Sources */ = {isa = PBXBuildFile; fileRef = 04DE2CAF21B620C200D634A3 /* MineViewController.swift */; };
		04DE2CBC21B620C300D634A3 /* MyCellModel.swift in Sources */ = {isa = PBXBuildFile; fileRef = 04DE2CB121B620C200D634A3 /* MyCellModel.swift */; };
		04DE2CBD21B620C300D634A3 /* MyHeaderView.swift in Sources */ = {isa = PBXBuildFile; fileRef = 04DE2CB321B620C200D634A3 /* MyHeaderView.swift */; };
		04DE2CBE21B620C300D634A3 /* MyFirstScetionCell.swift in Sources */ = {isa = PBXBuildFile; fileRef = 04DE2CB421B620C200D634A3 /* MyFirstScetionCell.swift */; };
		04DE2CBF21B620C300D634A3 /* MyHeaderView.xib in Resources */ = {isa = PBXBuildFile; fileRef = 04DE2CB521B620C200D634A3 /* MyHeaderView.xib */; };
		04DE2CC021B620C300D634A3 /* MyOtherCell.xib in Resources */ = {isa = PBXBuildFile; fileRef = 04DE2CB621B620C200D634A3 /* MyOtherCell.xib */; };
		04DE2CC121B620C300D634A3 /* MyConcernCell.xib in Resources */ = {isa = PBXBuildFile; fileRef = 04DE2CB721B620C200D634A3 /* MyConcernCell.xib */; };
		04DE2CC221B620C300D634A3 /* MyFirstScetionCell.xib in Resources */ = {isa = PBXBuildFile; fileRef = 04DE2CB821B620C200D634A3 /* MyFirstScetionCell.xib */; };
		04DE2CC321B620C300D634A3 /* MyOtherCell.swift in Sources */ = {isa = PBXBuildFile; fileRef = 04DE2CB921B620C200D634A3 /* MyOtherCell.swift */; };
		04DE2CC421B620C300D634A3 /* MyConcernCell.swift in Sources */ = {isa = PBXBuildFile; fileRef = 04DE2CBA21B620C200D634A3 /* MyConcernCell.swift */; };
		04DE2CC621B65EC400D634A3 /* MoreLoginViewController.swift in Sources */ = {isa = PBXBuildFile; fileRef = 04DE2CC521B65EC400D634A3 /* MoreLoginViewController.swift */; };
		04DE2CC821B6641E00D634A3 /* MoreLoginViewController.storyboard in Resources */ = {isa = PBXBuildFile; fileRef = 04DE2CC721B6641E00D634A3 /* MoreLoginViewController.storyboard */; };
		04DEA1E121B5272B00B05143 /* MyTheme.swift in Sources */ = {isa = PBXBuildFile; fileRef = 04DEA1E021B5272B00B05143 /* MyTheme.swift */; };
		04DEA1E421B5294800B05143 /* default_theme.plist in Resources */ = {isa = PBXBuildFile; fileRef = 04DEA1E321B5294800B05143 /* default_theme.plist */; };
		04DEA1E621B5295C00B05143 /* night_theme.plist in Resources */ = {isa = PBXBuildFile; fileRef = 04DEA1E521B5295C00B05143 /* night_theme.plist */; };
		04DEA29321BDF92700E58D78 /* SettingViewController.swift in Sources */ = {isa = PBXBuildFile; fileRef = 04DEA29221BDF92700E58D78 /* SettingViewController.swift */; };
		04DEA29521BDFEB000E58D78 /* settingPlist.plist in Resources */ = {isa = PBXBuildFile; fileRef = 04DEA29421BDFEB000E58D78 /* settingPlist.plist */; };
		04DEA29721BE012B00E58D78 /* SettingModel.swift in Sources */ = {isa = PBXBuildFile; fileRef = 04DEA29621BE012B00E58D78 /* SettingModel.swift */; };
		04DEA29A21BE083200E58D78 /* SettingCell.swift in Sources */ = {isa = PBXBuildFile; fileRef = 04DEA29821BE083200E58D78 /* SettingCell.swift */; };
		04DEA29B21BE083200E58D78 /* SettingCell.xib in Resources */ = {isa = PBXBuildFile; fileRef = 04DEA29921BE083200E58D78 /* SettingCell.xib */; };
		04E2192C21DC5AF00069D776 /* UserDetailBottomView.swift in Sources */ = {isa = PBXBuildFile; fileRef = 04E2192B21DC5AF00069D776 /* UserDetailBottomView.swift */; };
		04E2192E21DC8C940069D776 /* UserDetailBottomPushController.swift in Sources */ = {isa = PBXBuildFile; fileRef = 04E2192D21DC8C940069D776 /* UserDetailBottomPushController.swift */; };
		04E2193021DC8E460069D776 /* UserDetailBottomPopController.swift in Sources */ = {isa = PBXBuildFile; fileRef = 04E2192F21DC8E460069D776 /* UserDetailBottomPopController.swift */; };
		04E2193221DC8E590069D776 /* UserDetailBottomPopController.storyboard in Resources */ = {isa = PBXBuildFile; fileRef = 04E2193121DC8E590069D776 /* UserDetailBottomPopController.storyboard */; };
		04E2193421DCB8530069D776 /* PopoverAnimator.swift in Sources */ = {isa = PBXBuildFile; fileRef = 04E2193321DCB8530069D776 /* PopoverAnimator.swift */; };
		04E2193621DCB9DD0069D776 /* MyPresentationController.swift in Sources */ = {isa = PBXBuildFile; fileRef = 04E2193521DCB9DD0069D776 /* MyPresentationController.swift */; };
		04E6C79A21DDAC8D00DE8D56 /* NavigationBarView.swift in Sources */ = {isa = PBXBuildFile; fileRef = 04E6C79921DDAC8D00DE8D56 /* NavigationBarView.swift */; };
		04E6C79C21DDACB300DE8D56 /* NavigationBarView.xib in Resources */ = {isa = PBXBuildFile; fileRef = 04E6C79B21DDACB300DE8D56 /* NavigationBarView.xib */; };
		04EC939A21B1119100440FB0 /* UIView+Extension.swift in Sources */ = {isa = PBXBuildFile; fileRef = 04EC939921B1119100440FB0 /* UIView+Extension.swift */; };
		04EC939C21B1125900440FB0 /* UITableView+Extension.swift in Sources */ = {isa = PBXBuildFile; fileRef = 04EC939B21B1125900440FB0 /* UITableView+Extension.swift */; };
		04EC939E21B1141B00440FB0 /* UICollectionView+Extension.swift in Sources */ = {isa = PBXBuildFile; fileRef = 04EC939D21B1141B00440FB0 /* UICollectionView+Extension.swift */; };
		04FD9EAE21AB8CB300127FC0 /* Const.swift in Sources */ = {isa = PBXBuildFile; fileRef = 04FD9EAD21AB8CB300127FC0 /* Const.swift */; };
		04FD9EB121AB8E3C00127FC0 /* UIColor+Extension.swift in Sources */ = {isa = PBXBuildFile; fileRef = 04FD9EB021AB8E3C00127FC0 /* UIColor+Extension.swift */; };
		04FD9EB421ABCC5100127FC0 /* NetworkTool.swift in Sources */ = {isa = PBXBuildFile; fileRef = 04FD9EB321ABCC5100127FC0 /* NetworkTool.swift */; };
		516C86B1615D52B73AAA9212 /* Pods_News.framework in Frameworks */ = {isa = PBXBuildFile; fileRef = 7E84DB50B33D94EAAE70F5A6 /* Pods_News.framework */; };
/* End PBXBuildFile section */

/* Begin PBXContainerItemProxy section */
		04D5080F219A614B005DE338 /* PBXContainerItemProxy */ = {
			isa = PBXContainerItemProxy;
			containerPortal = 04D507F2219A614A005DE338 /* Project object */;
			proxyType = 1;
			remoteGlobalIDString = 04D507F9219A614A005DE338;
			remoteInfo = News;
		};
		04D5081A219A614B005DE338 /* PBXContainerItemProxy */ = {
			isa = PBXContainerItemProxy;
			containerPortal = 04D507F2219A614A005DE338 /* Project object */;
			proxyType = 1;
			remoteGlobalIDString = 04D507F9219A614A005DE338;
			remoteInfo = News;
		};
/* End PBXContainerItemProxy section */

/* Begin PBXFileReference section */
		046EB0C921C39F0900E1EE52 /* SQLiteManager.swift */ = {isa = PBXFileReference; lastKnownFileType = sourcecode.swift; path = SQLiteManager.swift; sourceTree = "<group>"; };
		0490070921C74D3D00A32718 /* UserDetailViewController.swift */ = {isa = PBXFileReference; lastKnownFileType = sourcecode.swift; path = UserDetailViewController.swift; sourceTree = "<group>"; };
		0490070A21C74D3D00A32718 /* UserDetailViewController.xib */ = {isa = PBXFileReference; lastKnownFileType = file.xib; path = UserDetailViewController.xib; sourceTree = "<group>"; };
		0490070D21C7503700A32718 /* UserDetailHeader.swift */ = {isa = PBXFileReference; lastKnownFileType = sourcecode.swift; path = UserDetailHeader.swift; sourceTree = "<group>"; };
		0490070F21C7504D00A32718 /* UserDetailHeader.xib */ = {isa = PBXFileReference; lastKnownFileType = file.xib; path = UserDetailHeader.xib; sourceTree = "<group>"; };
		0490071121C791A200A32718 /* UserDetail.swift */ = {isa = PBXFileReference; lastKnownFileType = sourcecode.swift; path = UserDetail.swift; sourceTree = "<group>"; };
		04D3443A21C23B54007B08B7 /* OffLineDownLoadViewController.swift */ = {isa = PBXFileReference; lastKnownFileType = sourcecode.swift; path = OffLineDownLoadViewController.swift; sourceTree = "<group>"; };
		04D3443C21C23C00007B08B7 /* OffLineDownLoadCell.swift */ = {isa = PBXFileReference; lastKnownFileType = sourcecode.swift; path = OffLineDownLoadCell.swift; sourceTree = "<group>"; };
		04D3443D21C23C00007B08B7 /* OffLineDownLoadCell.xib */ = {isa = PBXFileReference; lastKnownFileType = file.xib; path = OffLineDownLoadCell.xib; sourceTree = "<group>"; };
		04D3444121C23E3A007B08B7 /* HomeNewsTitle.swift */ = {isa = PBXFileReference; lastKnownFileType = sourcecode.swift; path = HomeNewsTitle.swift; sourceTree = "<group>"; };
		04D507FA219A614A005DE338 /* News.app */ = {isa = PBXFileReference; explicitFileType = wrapper.application; includeInIndex = 0; path = News.app; sourceTree = BUILT_PRODUCTS_DIR; };
		04D50804219A614B005DE338 /* Assets.xcassets */ = {isa = PBXFileReference; lastKnownFileType = folder.assetcatalog; path = Assets.xcassets; sourceTree = "<group>"; };
		04D50809219A614B005DE338 /* Info.plist */ = {isa = PBXFileReference; lastKnownFileType = text.plist.xml; path = Info.plist; sourceTree = "<group>"; };
		04D5080E219A614B005DE338 /* NewsTests.xctest */ = {isa = PBXFileReference; explicitFileType = wrapper.cfbundle; includeInIndex = 0; path = NewsTests.xctest; sourceTree = BUILT_PRODUCTS_DIR; };
		04D50812219A614B005DE338 /* NewsTests.swift */ = {isa = PBXFileReference; lastKnownFileType = sourcecode.swift; path = NewsTests.swift; sourceTree = "<group>"; };
		04D50814219A614B005DE338 /* Info.plist */ = {isa = PBXFileReference; lastKnownFileType = text.plist.xml; path = Info.plist; sourceTree = "<group>"; };
		04D50819219A614B005DE338 /* NewsUITests.xctest */ = {isa = PBXFileReference; explicitFileType = wrapper.cfbundle; includeInIndex = 0; path = NewsUITests.xctest; sourceTree = BUILT_PRODUCTS_DIR; };
		04D5081D219A614B005DE338 /* NewsUITests.swift */ = {isa = PBXFileReference; lastKnownFileType = sourcecode.swift; path = NewsUITests.swift; sourceTree = "<group>"; };
		04D5081F219A614B005DE338 /* Info.plist */ = {isa = PBXFileReference; lastKnownFileType = text.plist.xml; path = Info.plist; sourceTree = "<group>"; };
		04D50839219A8489005DE338 /* HuoShanViewController.swift */ = {isa = PBXFileReference; fileEncoding = 4; lastKnownFileType = sourcecode.swift; path = HuoShanViewController.swift; sourceTree = "<group>"; };
		04D50846219A8489005DE338 /* HomeViewController.swift */ = {isa = PBXFileReference; fileEncoding = 4; lastKnownFileType = sourcecode.swift; path = HomeViewController.swift; sourceTree = "<group>"; };
		04D50850219A8489005DE338 /* VideoViewController.swift */ = {isa = PBXFileReference; fileEncoding = 4; lastKnownFileType = sourcecode.swift; path = VideoViewController.swift; sourceTree = "<group>"; };
		04D5085B219A84B6005DE338 /* MyNavigationController.swift */ = {isa = PBXFileReference; fileEncoding = 4; lastKnownFileType = sourcecode.swift; path = MyNavigationController.swift; sourceTree = "<group>"; };
		04D5085C219A84B6005DE338 /* MyTabBarController.swift */ = {isa = PBXFileReference; fileEncoding = 4; lastKnownFileType = sourcecode.swift; path = MyTabBarController.swift; sourceTree = "<group>"; };
		04D5085E219A84B6005DE338 /* AppDelegate.swift */ = {isa = PBXFileReference; fileEncoding = 4; lastKnownFileType = sourcecode.swift; path = AppDelegate.swift; sourceTree = "<group>"; };
		04D50866219AB363005DE338 /* MyTabBar.swift */ = {isa = PBXFileReference; fileEncoding = 4; lastKnownFileType = sourcecode.swift; path = MyTabBar.swift; sourceTree = "<group>"; };
		04D7F5A621C344D1000CC40E /* libsqlite3.0.tbd */ = {isa = PBXFileReference; lastKnownFileType = "sourcecode.text-based-dylib-definition"; name = libsqlite3.0.tbd; path = usr/lib/libsqlite3.0.tbd; sourceTree = SDKROOT; };
		04DB9DE021DEF3E500BF5AF7 /* RelationRecommendView.swift */ = {isa = PBXFileReference; lastKnownFileType = sourcecode.swift; path = RelationRecommendView.swift; sourceTree = "<group>"; };
		04DB9DE221DEF40400BF5AF7 /* RelationRecommendView.xib */ = {isa = PBXFileReference; lastKnownFileType = file.xib; path = RelationRecommendView.xib; sourceTree = "<group>"; };
		04DB9DE421DF041200BF5AF7 /* RelationRecommendCell.swift */ = {isa = PBXFileReference; lastKnownFileType = sourcecode.swift; path = RelationRecommendCell.swift; sourceTree = "<group>"; };
		04DB9DE521DF041200BF5AF7 /* RelationRecommendCell.xib */ = {isa = PBXFileReference; lastKnownFileType = file.xib; path = RelationRecommendCell.xib; sourceTree = "<group>"; };
		04DE2CAF21B620C200D634A3 /* MineViewController.swift */ = {isa = PBXFileReference; fileEncoding = 4; lastKnownFileType = sourcecode.swift; path = MineViewController.swift; sourceTree = "<group>"; };
		04DE2CB121B620C200D634A3 /* MyCellModel.swift */ = {isa = PBXFileReference; fileEncoding = 4; lastKnownFileType = sourcecode.swift; path = MyCellModel.swift; sourceTree = "<group>"; };
		04DE2CB321B620C200D634A3 /* MyHeaderView.swift */ = {isa = PBXFileReference; fileEncoding = 4; lastKnownFileType = sourcecode.swift; path = MyHeaderView.swift; sourceTree = "<group>"; };
		04DE2CB421B620C200D634A3 /* MyFirstScetionCell.swift */ = {isa = PBXFileReference; fileEncoding = 4; lastKnownFileType = sourcecode.swift; path = MyFirstScetionCell.swift; sourceTree = "<group>"; };
		04DE2CB521B620C200D634A3 /* MyHeaderView.xib */ = {isa = PBXFileReference; fileEncoding = 4; lastKnownFileType = file.xib; path = MyHeaderView.xib; sourceTree = "<group>"; };
		04DE2CB621B620C200D634A3 /* MyOtherCell.xib */ = {isa = PBXFileReference; fileEncoding = 4; lastKnownFileType = file.xib; path = MyOtherCell.xib; sourceTree = "<group>"; };
		04DE2CB721B620C200D634A3 /* MyConcernCell.xib */ = {isa = PBXFileReference; fileEncoding = 4; lastKnownFileType = file.xib; path = MyConcernCell.xib; sourceTree = "<group>"; };
		04DE2CB821B620C200D634A3 /* MyFirstScetionCell.xib */ = {isa = PBXFileReference; fileEncoding = 4; lastKnownFileType = file.xib; path = MyFirstScetionCell.xib; sourceTree = "<group>"; };
		04DE2CB921B620C200D634A3 /* MyOtherCell.swift */ = {isa = PBXFileReference; fileEncoding = 4; lastKnownFileType = sourcecode.swift; path = MyOtherCell.swift; sourceTree = "<group>"; };
		04DE2CBA21B620C200D634A3 /* MyConcernCell.swift */ = {isa = PBXFileReference; fileEncoding = 4; lastKnownFileType = sourcecode.swift; path = MyConcernCell.swift; sourceTree = "<group>"; };
		04DE2CC521B65EC400D634A3 /* MoreLoginViewController.swift */ = {isa = PBXFileReference; lastKnownFileType = sourcecode.swift; path = MoreLoginViewController.swift; sourceTree = "<group>"; };
		04DE2CC721B6641E00D634A3 /* MoreLoginViewController.storyboard */ = {isa = PBXFileReference; lastKnownFileType = file.storyboard; path = MoreLoginViewController.storyboard; sourceTree = "<group>"; };
		04DEA1E021B5272B00B05143 /* MyTheme.swift */ = {isa = PBXFileReference; lastKnownFileType = sourcecode.swift; path = MyTheme.swift; sourceTree = "<group>"; };
		04DEA1E321B5294800B05143 /* default_theme.plist */ = {isa = PBXFileReference; lastKnownFileType = text.plist.xml; path = default_theme.plist; sourceTree = "<group>"; };
		04DEA1E521B5295C00B05143 /* night_theme.plist */ = {isa = PBXFileReference; lastKnownFileType = text.plist.xml; path = night_theme.plist; sourceTree = "<group>"; };
		04DEA29221BDF92700E58D78 /* SettingViewController.swift */ = {isa = PBXFileReference; lastKnownFileType = sourcecode.swift; path = SettingViewController.swift; sourceTree = "<group>"; };
		04DEA29421BDFEB000E58D78 /* settingPlist.plist */ = {isa = PBXFileReference; lastKnownFileType = text.plist.xml; path = settingPlist.plist; sourceTree = "<group>"; };
		04DEA29621BE012B00E58D78 /* SettingModel.swift */ = {isa = PBXFileReference; lastKnownFileType = sourcecode.swift; path = SettingModel.swift; sourceTree = "<group>"; };
		04DEA29821BE083200E58D78 /* SettingCell.swift */ = {isa = PBXFileReference; lastKnownFileType = sourcecode.swift; path = SettingCell.swift; sourceTree = "<group>"; };
		04DEA29921BE083200E58D78 /* SettingCell.xib */ = {isa = PBXFileReference; lastKnownFileType = file.xib; path = SettingCell.xib; sourceTree = "<group>"; };
		04E2192B21DC5AF00069D776 /* UserDetailBottomView.swift */ = {isa = PBXFileReference; lastKnownFileType = sourcecode.swift; path = UserDetailBottomView.swift; sourceTree = "<group>"; };
		04E2192D21DC8C940069D776 /* UserDetailBottomPushController.swift */ = {isa = PBXFileReference; lastKnownFileType = sourcecode.swift; path = UserDetailBottomPushController.swift; sourceTree = "<group>"; };
		04E2192F21DC8E460069D776 /* UserDetailBottomPopController.swift */ = {isa = PBXFileReference; lastKnownFileType = sourcecode.swift; path = UserDetailBottomPopController.swift; sourceTree = "<group>"; };
		04E2193121DC8E590069D776 /* UserDetailBottomPopController.storyboard */ = {isa = PBXFileReference; lastKnownFileType = file.storyboard; path = UserDetailBottomPopController.storyboard; sourceTree = "<group>"; };
		04E2193321DCB8530069D776 /* PopoverAnimator.swift */ = {isa = PBXFileReference; lastKnownFileType = sourcecode.swift; path = PopoverAnimator.swift; sourceTree = "<group>"; };
		04E2193521DCB9DD0069D776 /* MyPresentationController.swift */ = {isa = PBXFileReference; lastKnownFileType = sourcecode.swift; path = MyPresentationController.swift; sourceTree = "<group>"; };
		04E6C79921DDAC8D00DE8D56 /* NavigationBarView.swift */ = {isa = PBXFileReference; lastKnownFileType = sourcecode.swift; path = NavigationBarView.swift; sourceTree = "<group>"; };
		04E6C79B21DDACB300DE8D56 /* NavigationBarView.xib */ = {isa = PBXFileReference; lastKnownFileType = file.xib; path = NavigationBarView.xib; sourceTree = "<group>"; };
		04EC939921B1119100440FB0 /* UIView+Extension.swift */ = {isa = PBXFileReference; lastKnownFileType = sourcecode.swift; path = "UIView+Extension.swift"; sourceTree = "<group>"; };
		04EC939B21B1125900440FB0 /* UITableView+Extension.swift */ = {isa = PBXFileReference; lastKnownFileType = sourcecode.swift; path = "UITableView+Extension.swift"; sourceTree = "<group>"; };
		04EC939D21B1141B00440FB0 /* UICollectionView+Extension.swift */ = {isa = PBXFileReference; lastKnownFileType = sourcecode.swift; path = "UICollectionView+Extension.swift"; sourceTree = "<group>"; };
		04FD9EAD21AB8CB300127FC0 /* Const.swift */ = {isa = PBXFileReference; lastKnownFileType = sourcecode.swift; path = Const.swift; sourceTree = "<group>"; };
		04FD9EB021AB8E3C00127FC0 /* UIColor+Extension.swift */ = {isa = PBXFileReference; lastKnownFileType = sourcecode.swift; path = "UIColor+Extension.swift"; sourceTree = "<group>"; };
		04FD9EB321ABCC5100127FC0 /* NetworkTool.swift */ = {isa = PBXFileReference; lastKnownFileType = sourcecode.swift; path = NetworkTool.swift; sourceTree = "<group>"; };
		28EC8238746DB1808FB9AB1B /* Pods-News.release.xcconfig */ = {isa = PBXFileReference; includeInIndex = 1; lastKnownFileType = text.xcconfig; name = "Pods-News.release.xcconfig"; path = "Pods/Target Support Files/Pods-News/Pods-News.release.xcconfig"; sourceTree = "<group>"; };
		7E84DB50B33D94EAAE70F5A6 /* Pods_News.framework */ = {isa = PBXFileReference; explicitFileType = wrapper.framework; includeInIndex = 0; path = Pods_News.framework; sourceTree = BUILT_PRODUCTS_DIR; };
		A610ADD162F617136295B0A8 /* Pods_NewsTests.framework */ = {isa = PBXFileReference; explicitFileType = wrapper.framework; includeInIndex = 0; path = Pods_NewsTests.framework; sourceTree = BUILT_PRODUCTS_DIR; };
		C5E75F4569C1EBDE0368BE80 /* Pods-News.debug.xcconfig */ = {isa = PBXFileReference; includeInIndex = 1; lastKnownFileType = text.xcconfig; name = "Pods-News.debug.xcconfig"; path = "Pods/Target Support Files/Pods-News/Pods-News.debug.xcconfig"; sourceTree = "<group>"; };
		FB33D9AAEAC6AE14CD5E7930 /* Pods_NewsUITests.framework */ = {isa = PBXFileReference; explicitFileType = wrapper.framework; includeInIndex = 0; path = Pods_NewsUITests.framework; sourceTree = BUILT_PRODUCTS_DIR; };
/* End PBXFileReference section */

/* Begin PBXFrameworksBuildPhase section */
		04D507F7219A614A005DE338 /* Frameworks */ = {
			isa = PBXFrameworksBuildPhase;
			buildActionMask = 2147483647;
			files = (
				04D7F5A721C344D1000CC40E /* libsqlite3.0.tbd in Frameworks */,
				516C86B1615D52B73AAA9212 /* Pods_News.framework in Frameworks */,
			);
			runOnlyForDeploymentPostprocessing = 0;
		};
		04D5080B219A614B005DE338 /* Frameworks */ = {
			isa = PBXFrameworksBuildPhase;
			buildActionMask = 2147483647;
			files = (
			);
			runOnlyForDeploymentPostprocessing = 0;
		};
		04D50816219A614B005DE338 /* Frameworks */ = {
			isa = PBXFrameworksBuildPhase;
			buildActionMask = 2147483647;
			files = (
			);
			runOnlyForDeploymentPostprocessing = 0;
		};
/* End PBXFrameworksBuildPhase section */

/* Begin PBXGroup section */
		04D3444021C23E28007B08B7 /* Model */ = {
			isa = PBXGroup;
			children = (
				04D3444121C23E3A007B08B7 /* HomeNewsTitle.swift */,
			);
			path = Model;
			sourceTree = "<group>";
		};
		04D507F1219A614A005DE338 = {
			isa = PBXGroup;
			children = (
				04D507FC219A614A005DE338 /* News */,
				04D50811219A614B005DE338 /* NewsTests */,
				04D5081C219A614B005DE338 /* NewsUITests */,
				04D507FB219A614A005DE338 /* Products */,
				297FC48DAC550E816047B58E /* Pods */,
				4CCBEFFE243C75E3D003107E /* Frameworks */,
			);
			sourceTree = "<group>";
		};
		04D507FB219A614A005DE338 /* Products */ = {
			isa = PBXGroup;
			children = (
				04D507FA219A614A005DE338 /* News.app */,
				04D5080E219A614B005DE338 /* NewsTests.xctest */,
				04D50819219A614B005DE338 /* NewsUITests.xctest */,
			);
			name = Products;
			sourceTree = "<group>";
		};
		04D507FC219A614A005DE338 /* News */ = {
			isa = PBXGroup;
			children = (
				04D5083C219A8489005DE338 /* Main */,
				04D50844219A8489005DE338 /* Home */,
				04D5084E219A8489005DE338 /* Video */,
				04D50837219A8489005DE338 /* Huoshan */,
				04FD9EAF21AB8DD600127FC0 /* Extension */,
				04DE2CAD21B620C200D634A3 /* Mine */,
				04FD9EAA21AB8C3700127FC0 /* Other */,
				04FD9EB221AB9AF200127FC0 /* Tools */,
				04D50804219A614B005DE338 /* Assets.xcassets */,
				04D50809219A614B005DE338 /* Info.plist */,
			);
			path = News;
			sourceTree = "<group>";
		};
		04D50811219A614B005DE338 /* NewsTests */ = {
			isa = PBXGroup;
			children = (
				04D50812219A614B005DE338 /* NewsTests.swift */,
				04D50814219A614B005DE338 /* Info.plist */,
			);
			path = NewsTests;
			sourceTree = "<group>";
		};
		04D5081C219A614B005DE338 /* NewsUITests */ = {
			isa = PBXGroup;
			children = (
				04D5081D219A614B005DE338 /* NewsUITests.swift */,
				04D5081F219A614B005DE338 /* Info.plist */,
			);
			path = NewsUITests;
			sourceTree = "<group>";
		};
		04D50837219A8489005DE338 /* Huoshan */ = {
			isa = PBXGroup;
			children = (
				04D50838219A8489005DE338 /* Controller */,
				04D5083A219A8489005DE338 /* Model */,
				04D5083B219A8489005DE338 /* View */,
			);
			path = Huoshan;
			sourceTree = "<group>";
		};
		04D50838219A8489005DE338 /* Controller */ = {
			isa = PBXGroup;
			children = (
				04D50839219A8489005DE338 /* HuoShanViewController.swift */,
			);
			path = Controller;
			sourceTree = "<group>";
		};
		04D5083A219A8489005DE338 /* Model */ = {
			isa = PBXGroup;
			children = (
			);
			path = Model;
			sourceTree = "<group>";
		};
		04D5083B219A8489005DE338 /* View */ = {
			isa = PBXGroup;
			children = (
			);
			path = View;
			sourceTree = "<group>";
		};
		04D5083C219A8489005DE338 /* Main */ = {
			isa = PBXGroup;
			children = (
				04D5083F219A8489005DE338 /* Controller */,
				04D50840219A8489005DE338 /* Model */,
				04D50841219A8489005DE338 /* View */,
			);
			path = Main;
			sourceTree = "<group>";
		};
		04D5083F219A8489005DE338 /* Controller */ = {
			isa = PBXGroup;
			children = (
				04D5085E219A84B6005DE338 /* AppDelegate.swift */,
				04D5085B219A84B6005DE338 /* MyNavigationController.swift */,
				04D5085C219A84B6005DE338 /* MyTabBarController.swift */,
			);
			path = Controller;
			sourceTree = "<group>";
		};
		04D50840219A8489005DE338 /* Model */ = {
			isa = PBXGroup;
			children = (
			);
			path = Model;
			sourceTree = "<group>";
		};
		04D50841219A8489005DE338 /* View */ = {
			isa = PBXGroup;
			children = (
				04D50866219AB363005DE338 /* MyTabBar.swift */,
			);
			path = View;
			sourceTree = "<group>";
		};
		04D50844219A8489005DE338 /* Home */ = {
			isa = PBXGroup;
			children = (
				04D3444021C23E28007B08B7 /* Model */,
				04D50845219A8489005DE338 /* Controller */,
			);
			path = Home;
			sourceTree = "<group>";
		};
		04D50845219A8489005DE338 /* Controller */ = {
			isa = PBXGroup;
			children = (
				04D50846219A8489005DE338 /* HomeViewController.swift */,
			);
			path = Controller;
			sourceTree = "<group>";
		};
		04D5084E219A8489005DE338 /* Video */ = {
			isa = PBXGroup;
			children = (
				04D5084F219A8489005DE338 /* Controller */,
				04D50851219A8489005DE338 /* Model */,
				04D50852219A8489005DE338 /* View */,
			);
			path = Video;
			sourceTree = "<group>";
		};
		04D5084F219A8489005DE338 /* Controller */ = {
			isa = PBXGroup;
			children = (
				04D50850219A8489005DE338 /* VideoViewController.swift */,
			);
			path = Controller;
			sourceTree = "<group>";
		};
		04D50851219A8489005DE338 /* Model */ = {
			isa = PBXGroup;
			children = (
			);
			path = Model;
			sourceTree = "<group>";
		};
		04D50852219A8489005DE338 /* View */ = {
			isa = PBXGroup;
			children = (
			);
			path = View;
			sourceTree = "<group>";
		};
		04DE2CAD21B620C200D634A3 /* Mine */ = {
			isa = PBXGroup;
			children = (
				04DE2CAE21B620C200D634A3 /* Controller */,
				04DE2CB021B620C200D634A3 /* Model */,
				04DE2CB221B620C200D634A3 /* View */,
			);
			path = Mine;
			sourceTree = "<group>";
		};
		04DE2CAE21B620C200D634A3 /* Controller */ = {
			isa = PBXGroup;
			children = (
				04DE2CAF21B620C200D634A3 /* MineViewController.swift */,
				04DEA29221BDF92700E58D78 /* SettingViewController.swift */,
				04D3443A21C23B54007B08B7 /* OffLineDownLoadViewController.swift */,
				04DE2CC521B65EC400D634A3 /* MoreLoginViewController.swift */,
				04DE2CC721B6641E00D634A3 /* MoreLoginViewController.storyboard */,
				0490070921C74D3D00A32718 /* UserDetailViewController.swift */,
				0490070A21C74D3D00A32718 /* UserDetailViewController.xib */,
				04E2192D21DC8C940069D776 /* UserDetailBottomPushController.swift */,
				04E2192F21DC8E460069D776 /* UserDetailBottomPopController.swift */,
				04E2193121DC8E590069D776 /* UserDetailBottomPopController.storyboard */,
				04E2193521DCB9DD0069D776 /* MyPresentationController.swift */,
			);
			path = Controller;
			sourceTree = "<group>";
		};
		04DE2CB021B620C200D634A3 /* Model */ = {
			isa = PBXGroup;
			children = (
				04DE2CB121B620C200D634A3 /* MyCellModel.swift */,
				04DEA29621BE012B00E58D78 /* SettingModel.swift */,
				0490071121C791A200A32718 /* UserDetail.swift */,
				04E2193321DCB8530069D776 /* PopoverAnimator.swift */,
			);
			path = Model;
			sourceTree = "<group>";
		};
		04DE2CB221B620C200D634A3 /* View */ = {
			isa = PBXGroup;
			children = (
				04DE2CB321B620C200D634A3 /* MyHeaderView.swift */,
				04DE2CB521B620C200D634A3 /* MyHeaderView.xib */,
				04DE2CB421B620C200D634A3 /* MyFirstScetionCell.swift */,
				04DE2CB821B620C200D634A3 /* MyFirstScetionCell.xib */,
				04DE2CB921B620C200D634A3 /* MyOtherCell.swift */,
				04DE2CB621B620C200D634A3 /* MyOtherCell.xib */,
				04DE2CBA21B620C200D634A3 /* MyConcernCell.swift */,
				04DE2CB721B620C200D634A3 /* MyConcernCell.xib */,
				04DEA29821BE083200E58D78 /* SettingCell.swift */,
				04DEA29921BE083200E58D78 /* SettingCell.xib */,
				04D3443C21C23C00007B08B7 /* OffLineDownLoadCell.swift */,
				04D3443D21C23C00007B08B7 /* OffLineDownLoadCell.xib */,
				0490070D21C7503700A32718 /* UserDetailHeader.swift */,
				0490070F21C7504D00A32718 /* UserDetailHeader.xib */,
				04E2192B21DC5AF00069D776 /* UserDetailBottomView.swift */,
				04E6C79921DDAC8D00DE8D56 /* NavigationBarView.swift */,
				04E6C79B21DDACB300DE8D56 /* NavigationBarView.xib */,
				04DB9DE021DEF3E500BF5AF7 /* RelationRecommendView.swift */,
				04DB9DE221DEF40400BF5AF7 /* RelationRecommendView.xib */,
				04DB9DE421DF041200BF5AF7 /* RelationRecommendCell.swift */,
				04DB9DE521DF041200BF5AF7 /* RelationRecommendCell.xib */,
			);
			path = View;
			sourceTree = "<group>";
		};
		04DEA1E221B528F100B05143 /* Theme */ = {
			isa = PBXGroup;
			children = (
				04DEA1E321B5294800B05143 /* default_theme.plist */,
				04DEA1E521B5295C00B05143 /* night_theme.plist */,
			);
			path = Theme;
			sourceTree = "<group>";
		};
		04FD9EAA21AB8C3700127FC0 /* Other */ = {
			isa = PBXGroup;
			children = (
				04DEA1E221B528F100B05143 /* Theme */,
				04FD9EAD21AB8CB300127FC0 /* Const.swift */,
				04DEA29421BDFEB000E58D78 /* settingPlist.plist */,
			);
			path = Other;
			sourceTree = "<group>";
		};
		04FD9EAF21AB8DD600127FC0 /* Extension */ = {
			isa = PBXGroup;
			children = (
				04FD9EB021AB8E3C00127FC0 /* UIColor+Extension.swift */,
				04EC939921B1119100440FB0 /* UIView+Extension.swift */,
				04EC939B21B1125900440FB0 /* UITableView+Extension.swift */,
				04EC939D21B1141B00440FB0 /* UICollectionView+Extension.swift */,
			);
			path = Extension;
			sourceTree = "<group>";
		};
		04FD9EB221AB9AF200127FC0 /* Tools */ = {
			isa = PBXGroup;
			children = (
				04FD9EB321ABCC5100127FC0 /* NetworkTool.swift */,
				04DEA1E021B5272B00B05143 /* MyTheme.swift */,
				046EB0C921C39F0900E1EE52 /* SQLiteManager.swift */,
			);
			path = Tools;
			sourceTree = "<group>";
		};
		297FC48DAC550E816047B58E /* Pods */ = {
			isa = PBXGroup;
			children = (
				C5E75F4569C1EBDE0368BE80 /* Pods-News.debug.xcconfig */,
				28EC8238746DB1808FB9AB1B /* Pods-News.release.xcconfig */,
			);
			name = Pods;
			sourceTree = "<group>";
		};
		4CCBEFFE243C75E3D003107E /* Frameworks */ = {
			isa = PBXGroup;
			children = (
				04D7F5A621C344D1000CC40E /* libsqlite3.0.tbd */,
				7E84DB50B33D94EAAE70F5A6 /* Pods_News.framework */,
				A610ADD162F617136295B0A8 /* Pods_NewsTests.framework */,
				FB33D9AAEAC6AE14CD5E7930 /* Pods_NewsUITests.framework */,
			);
			name = Frameworks;
			sourceTree = "<group>";
		};
/* End PBXGroup section */

/* Begin PBXNativeTarget section */
		04D507F9219A614A005DE338 /* News */ = {
			isa = PBXNativeTarget;
			buildConfigurationList = 04D50822219A614B005DE338 /* Build configuration list for PBXNativeTarget "News" */;
			buildPhases = (
				54C2DAE9AA0690ECF946232C /* [CP] Check Pods Manifest.lock */,
				04D507F6219A614A005DE338 /* Sources */,
				04D507F7219A614A005DE338 /* Frameworks */,
				04D507F8219A614A005DE338 /* Resources */,
				444C437DFCBA98D1ED09F7BF /* [CP] Embed Pods Frameworks */,
			);
			buildRules = (
			);
			dependencies = (
			);
			name = News;
			productName = News;
			productReference = 04D507FA219A614A005DE338 /* News.app */;
			productType = "com.apple.product-type.application";
		};
		04D5080D219A614B005DE338 /* NewsTests */ = {
			isa = PBXNativeTarget;
			buildConfigurationList = 04D50825219A614B005DE338 /* Build configuration list for PBXNativeTarget "NewsTests" */;
			buildPhases = (
				04D5080A219A614B005DE338 /* Sources */,
				04D5080B219A614B005DE338 /* Frameworks */,
				04D5080C219A614B005DE338 /* Resources */,
			);
			buildRules = (
			);
			dependencies = (
				04D50810219A614B005DE338 /* PBXTargetDependency */,
			);
			name = NewsTests;
			productName = NewsTests;
			productReference = 04D5080E219A614B005DE338 /* NewsTests.xctest */;
			productType = "com.apple.product-type.bundle.unit-test";
		};
		04D50818219A614B005DE338 /* NewsUITests */ = {
			isa = PBXNativeTarget;
			buildConfigurationList = 04D50828219A614B005DE338 /* Build configuration list for PBXNativeTarget "NewsUITests" */;
			buildPhases = (
				04D50815219A614B005DE338 /* Sources */,
				04D50816219A614B005DE338 /* Frameworks */,
				04D50817219A614B005DE338 /* Resources */,
			);
			buildRules = (
			);
			dependencies = (
				04D5081B219A614B005DE338 /* PBXTargetDependency */,
			);
			name = NewsUITests;
			productName = NewsUITests;
			productReference = 04D50819219A614B005DE338 /* NewsUITests.xctest */;
			productType = "com.apple.product-type.bundle.ui-testing";
		};
/* End PBXNativeTarget section */

/* Begin PBXProject section */
		04D507F2219A614A005DE338 /* Project object */ = {
			isa = PBXProject;
			attributes = {
				LastSwiftUpdateCheck = 1010;
				LastUpgradeCheck = 1010;
				ORGANIZATIONNAME = "经纬泰和";
				TargetAttributes = {
					04D507F9219A614A005DE338 = {
						CreatedOnToolsVersion = 10.1;
					};
					04D5080D219A614B005DE338 = {
						CreatedOnToolsVersion = 10.1;
						TestTargetID = 04D507F9219A614A005DE338;
					};
					04D50818219A614B005DE338 = {
						CreatedOnToolsVersion = 10.1;
						TestTargetID = 04D507F9219A614A005DE338;
					};
				};
			};
			buildConfigurationList = 04D507F5219A614A005DE338 /* Build configuration list for PBXProject "News" */;
			compatibilityVersion = "Xcode 9.3";
			developmentRegion = en;
			hasScannedForEncodings = 0;
			knownRegions = (
				en,
				Base,
			);
			mainGroup = 04D507F1219A614A005DE338;
			productRefGroup = 04D507FB219A614A005DE338 /* Products */;
			projectDirPath = "";
			projectRoot = "";
			targets = (
				04D507F9219A614A005DE338 /* News */,
				04D5080D219A614B005DE338 /* NewsTests */,
				04D50818219A614B005DE338 /* NewsUITests */,
			);
		};
/* End PBXProject section */

/* Begin PBXResourcesBuildPhase section */
		04D507F8219A614A005DE338 /* Resources */ = {
			isa = PBXResourcesBuildPhase;
			buildActionMask = 2147483647;
			files = (
				0490071021C7504D00A32718 /* UserDetailHeader.xib in Resources */,
				04DEA1E421B5294800B05143 /* default_theme.plist in Resources */,
				04DEA1E621B5295C00B05143 /* night_theme.plist in Resources */,
				0490070C21C74D3D00A32718 /* UserDetailViewController.xib in Resources */,
				04DB9DE721DF041200BF5AF7 /* RelationRecommendCell.xib in Resources */,
				04E6C79C21DDACB300DE8D56 /* NavigationBarView.xib in Resources */,
				04DE2CC021B620C300D634A3 /* MyOtherCell.xib in Resources */,
				04E2193221DC8E590069D776 /* UserDetailBottomPopController.storyboard in Resources */,
				04D3443F21C23C00007B08B7 /* OffLineDownLoadCell.xib in Resources */,
				04D50805219A614B005DE338 /* Assets.xcassets in Resources */,
				04DEA29521BDFEB000E58D78 /* settingPlist.plist in Resources */,
				04DE2CC821B6641E00D634A3 /* MoreLoginViewController.storyboard in Resources */,
				04DEA29B21BE083200E58D78 /* SettingCell.xib in Resources */,
				04DE2CC121B620C300D634A3 /* MyConcernCell.xib in Resources */,
				04DB9DE321DEF40400BF5AF7 /* RelationRecommendView.xib in Resources */,
				04DE2CBF21B620C300D634A3 /* MyHeaderView.xib in Resources */,
				04DE2CC221B620C300D634A3 /* MyFirstScetionCell.xib in Resources */,
			);
			runOnlyForDeploymentPostprocessing = 0;
		};
		04D5080C219A614B005DE338 /* Resources */ = {
			isa = PBXResourcesBuildPhase;
			buildActionMask = 2147483647;
			files = (
			);
			runOnlyForDeploymentPostprocessing = 0;
		};
		04D50817219A614B005DE338 /* Resources */ = {
			isa = PBXResourcesBuildPhase;
			buildActionMask = 2147483647;
			files = (
			);
			runOnlyForDeploymentPostprocessing = 0;
		};
/* End PBXResourcesBuildPhase section */

/* Begin PBXShellScriptBuildPhase section */
		444C437DFCBA98D1ED09F7BF /* [CP] Embed Pods Frameworks */ = {
			isa = PBXShellScriptBuildPhase;
			buildActionMask = 2147483647;
			files = (
			);
			inputPaths = (
				"${SRCROOT}/Pods/Target Support Files/Pods-News/Pods-News-frameworks.sh",
				"${BUILT_PRODUCTS_DIR}/Alamofire/Alamofire.framework",
				"${BUILT_PRODUCTS_DIR}/HandyJSON/HandyJSON.framework",
				"${BUILT_PRODUCTS_DIR}/IBAnimatable/IBAnimatable.framework",
				"${BUILT_PRODUCTS_DIR}/Kingfisher/Kingfisher.framework",
				"${BUILT_PRODUCTS_DIR}/RxAtomic/RxAtomic.framework",
				"${BUILT_PRODUCTS_DIR}/RxCocoa/RxCocoa.framework",
				"${BUILT_PRODUCTS_DIR}/RxSwift/RxSwift.framework",
				"${BUILT_PRODUCTS_DIR}/SQLite.swift/SQLite.framework",
				"${BUILT_PRODUCTS_DIR}/SVProgressHUD/SVProgressHUD.framework",
				"${BUILT_PRODUCTS_DIR}/SwiftTheme/SwiftTheme.framework",
				"${BUILT_PRODUCTS_DIR}/SwiftyJSON/SwiftyJSON.framework",
			);
			name = "[CP] Embed Pods Frameworks";
			outputPaths = (
				"${TARGET_BUILD_DIR}/${FRAMEWORKS_FOLDER_PATH}/Alamofire.framework",
				"${TARGET_BUILD_DIR}/${FRAMEWORKS_FOLDER_PATH}/HandyJSON.framework",
				"${TARGET_BUILD_DIR}/${FRAMEWORKS_FOLDER_PATH}/IBAnimatable.framework",
				"${TARGET_BUILD_DIR}/${FRAMEWORKS_FOLDER_PATH}/Kingfisher.framework",
				"${TARGET_BUILD_DIR}/${FRAMEWORKS_FOLDER_PATH}/RxAtomic.framework",
				"${TARGET_BUILD_DIR}/${FRAMEWORKS_FOLDER_PATH}/RxCocoa.framework",
				"${TARGET_BUILD_DIR}/${FRAMEWORKS_FOLDER_PATH}/RxSwift.framework",
				"${TARGET_BUILD_DIR}/${FRAMEWORKS_FOLDER_PATH}/SQLite.framework",
				"${TARGET_BUILD_DIR}/${FRAMEWORKS_FOLDER_PATH}/SVProgressHUD.framework",
				"${TARGET_BUILD_DIR}/${FRAMEWORKS_FOLDER_PATH}/SwiftTheme.framework",
				"${TARGET_BUILD_DIR}/${FRAMEWORKS_FOLDER_PATH}/SwiftyJSON.framework",
			);
			runOnlyForDeploymentPostprocessing = 0;
			shellPath = /bin/sh;
			shellScript = "\"${SRCROOT}/Pods/Target Support Files/Pods-News/Pods-News-frameworks.sh\"\n";
			showEnvVarsInLog = 0;
		};
		54C2DAE9AA0690ECF946232C /* [CP] Check Pods Manifest.lock */ = {
			isa = PBXShellScriptBuildPhase;
			buildActionMask = 2147483647;
			files = (
			);
			inputPaths = (
				"${PODS_PODFILE_DIR_PATH}/Podfile.lock",
				"${PODS_ROOT}/Manifest.lock",
			);
			name = "[CP] Check Pods Manifest.lock";
			outputPaths = (
				"$(DERIVED_FILE_DIR)/Pods-News-checkManifestLockResult.txt",
			);
			runOnlyForDeploymentPostprocessing = 0;
			shellPath = /bin/sh;
			shellScript = "diff \"${PODS_PODFILE_DIR_PATH}/Podfile.lock\" \"${PODS_ROOT}/Manifest.lock\" > /dev/null\nif [ $? != 0 ] ; then\n    # print error to STDERR\n    echo \"error: The sandbox is not in sync with the Podfile.lock. Run 'pod install' or update your CocoaPods installation.\" >&2\n    exit 1\nfi\n# This output is used by Xcode 'outputs' to avoid re-running this script phase.\necho \"SUCCESS\" > \"${SCRIPT_OUTPUT_FILE_0}\"\n";
			showEnvVarsInLog = 0;
		};
/* End PBXShellScriptBuildPhase section */

/* Begin PBXSourcesBuildPhase section */
		04D507F6219A614A005DE338 /* Sources */ = {
			isa = PBXSourcesBuildPhase;
			buildActionMask = 2147483647;
			files = (
				04DE2CC421B620C300D634A3 /* MyConcernCell.swift in Sources */,
				04D3443B21C23B54007B08B7 /* OffLineDownLoadViewController.swift in Sources */,
				04DEA29321BDF92700E58D78 /* SettingViewController.swift in Sources */,
				04DEA29A21BE083200E58D78 /* SettingCell.swift in Sources */,
				04DE2CC621B65EC400D634A3 /* MoreLoginViewController.swift in Sources */,
				04DE2CBE21B620C300D634A3 /* MyFirstScetionCell.swift in Sources */,
				04DEA1E121B5272B00B05143 /* MyTheme.swift in Sources */,
				04FD9EB421ABCC5100127FC0 /* NetworkTool.swift in Sources */,
				04E2192E21DC8C940069D776 /* UserDetailBottomPushController.swift in Sources */,
				04D50862219A84B6005DE338 /* AppDelegate.swift in Sources */,
				04D3444221C23E3A007B08B7 /* HomeNewsTitle.swift in Sources */,
				04DB9DE621DF041200BF5AF7 /* RelationRecommendCell.swift in Sources */,
				04DE2CBC21B620C300D634A3 /* MyCellModel.swift in Sources */,
				046EB0CA21C39F0900E1EE52 /* SQLiteManager.swift in Sources */,
				04EC939A21B1119100440FB0 /* UIView+Extension.swift in Sources */,
				04D5085A219A8489005DE338 /* VideoViewController.swift in Sources */,
				04E2193421DCB8530069D776 /* PopoverAnimator.swift in Sources */,
				0490070B21C74D3D00A32718 /* UserDetailViewController.swift in Sources */,
				04D50853219A8489005DE338 /* HuoShanViewController.swift in Sources */,
				04D5085F219A84B6005DE338 /* MyNavigationController.swift in Sources */,
				04D50867219AB363005DE338 /* MyTabBar.swift in Sources */,
				04D3443E21C23C00007B08B7 /* OffLineDownLoadCell.swift in Sources */,
				04D50858219A8489005DE338 /* HomeViewController.swift in Sources */,
				04D50860219A84B6005DE338 /* MyTabBarController.swift in Sources */,
				04E2193621DCB9DD0069D776 /* MyPresentationController.swift in Sources */,
				04FD9EAE21AB8CB300127FC0 /* Const.swift in Sources */,
				0490071221C791A200A32718 /* UserDetail.swift in Sources */,
				04E2192C21DC5AF00069D776 /* UserDetailBottomView.swift in Sources */,
				04DE2CBD21B620C300D634A3 /* MyHeaderView.swift in Sources */,
				04E6C79A21DDAC8D00DE8D56 /* NavigationBarView.swift in Sources */,
				04FD9EB121AB8E3C00127FC0 /* UIColor+Extension.swift in Sources */,
				0490070E21C7503700A32718 /* UserDetailHeader.swift in Sources */,
				04DE2CC321B620C300D634A3 /* MyOtherCell.swift in Sources */,
				04EC939C21B1125900440FB0 /* UITableView+Extension.swift in Sources */,
				04DB9DE121DEF3E500BF5AF7 /* RelationRecommendView.swift in Sources */,
				04E2193021DC8E460069D776 /* UserDetailBottomPopController.swift in Sources */,
				04EC939E21B1141B00440FB0 /* UICollectionView+Extension.swift in Sources */,
				04DE2CBB21B620C200D634A3 /* MineViewController.swift in Sources */,
				04DEA29721BE012B00E58D78 /* SettingModel.swift in Sources */,
			);
			runOnlyForDeploymentPostprocessing = 0;
		};
		04D5080A219A614B005DE338 /* Sources */ = {
			isa = PBXSourcesBuildPhase;
			buildActionMask = 2147483647;
			files = (
				04D50813219A614B005DE338 /* NewsTests.swift in Sources */,
			);
			runOnlyForDeploymentPostprocessing = 0;
		};
		04D50815219A614B005DE338 /* Sources */ = {
			isa = PBXSourcesBuildPhase;
			buildActionMask = 2147483647;
			files = (
				04D5081E219A614B005DE338 /* NewsUITests.swift in Sources */,
			);
			runOnlyForDeploymentPostprocessing = 0;
		};
/* End PBXSourcesBuildPhase section */

/* Begin PBXTargetDependency section */
		04D50810219A614B005DE338 /* PBXTargetDependency */ = {
			isa = PBXTargetDependency;
			target = 04D507F9219A614A005DE338 /* News */;
			targetProxy = 04D5080F219A614B005DE338 /* PBXContainerItemProxy */;
		};
		04D5081B219A614B005DE338 /* PBXTargetDependency */ = {
			isa = PBXTargetDependency;
			target = 04D507F9219A614A005DE338 /* News */;
			targetProxy = 04D5081A219A614B005DE338 /* PBXContainerItemProxy */;
		};
/* End PBXTargetDependency section */

/* Begin XCBuildConfiguration section */
		04D50820219A614B005DE338 /* Debug */ = {
			isa = XCBuildConfiguration;
			buildSettings = {
				ALWAYS_SEARCH_USER_PATHS = NO;
				CLANG_ANALYZER_NONNULL = YES;
				CLANG_ANALYZER_NUMBER_OBJECT_CONVERSION = YES_AGGRESSIVE;
				CLANG_CXX_LANGUAGE_STANDARD = "gnu++14";
				CLANG_CXX_LIBRARY = "libc++";
				CLANG_ENABLE_MODULES = YES;
				CLANG_ENABLE_OBJC_ARC = YES;
				CLANG_ENABLE_OBJC_WEAK = YES;
				CLANG_WARN_BLOCK_CAPTURE_AUTORELEASING = YES;
				CLANG_WARN_BOOL_CONVERSION = YES;
				CLANG_WARN_COMMA = YES;
				CLANG_WARN_CONSTANT_CONVERSION = YES;
				CLANG_WARN_DEPRECATED_OBJC_IMPLEMENTATIONS = YES;
				CLANG_WARN_DIRECT_OBJC_ISA_USAGE = YES_ERROR;
				CLANG_WARN_DOCUMENTATION_COMMENTS = YES;
				CLANG_WARN_EMPTY_BODY = YES;
				CLANG_WARN_ENUM_CONVERSION = YES;
				CLANG_WARN_INFINITE_RECURSION = YES;
				CLANG_WARN_INT_CONVERSION = YES;
				CLANG_WARN_NON_LITERAL_NULL_CONVERSION = YES;
				CLANG_WARN_OBJC_IMPLICIT_RETAIN_SELF = YES;
				CLANG_WARN_OBJC_LITERAL_CONVERSION = YES;
				CLANG_WARN_OBJC_ROOT_CLASS = YES_ERROR;
				CLANG_WARN_RANGE_LOOP_ANALYSIS = YES;
				CLANG_WARN_STRICT_PROTOTYPES = YES;
				CLANG_WARN_SUSPICIOUS_MOVE = YES;
				CLANG_WARN_UNGUARDED_AVAILABILITY = YES_AGGRESSIVE;
				CLANG_WARN_UNREACHABLE_CODE = YES;
				CLANG_WARN__DUPLICATE_METHOD_MATCH = YES;
				CODE_SIGN_IDENTITY = "iPhone Developer";
				COPY_PHASE_STRIP = NO;
				DEBUG_INFORMATION_FORMAT = dwarf;
				ENABLE_STRICT_OBJC_MSGSEND = YES;
				ENABLE_TESTABILITY = YES;
				GCC_C_LANGUAGE_STANDARD = gnu11;
				GCC_DYNAMIC_NO_PIC = NO;
				GCC_NO_COMMON_BLOCKS = YES;
				GCC_OPTIMIZATION_LEVEL = 0;
				GCC_PREPROCESSOR_DEFINITIONS = (
					"DEBUG=1",
					"$(inherited)",
				);
				GCC_WARN_64_TO_32_BIT_CONVERSION = YES;
				GCC_WARN_ABOUT_RETURN_TYPE = YES_ERROR;
				GCC_WARN_UNDECLARED_SELECTOR = YES;
				GCC_WARN_UNINITIALIZED_AUTOS = YES_AGGRESSIVE;
				GCC_WARN_UNUSED_FUNCTION = YES;
				GCC_WARN_UNUSED_VARIABLE = YES;
				IPHONEOS_DEPLOYMENT_TARGET = 12.1;
				MTL_ENABLE_DEBUG_INFO = INCLUDE_SOURCE;
				MTL_FAST_MATH = YES;
				ONLY_ACTIVE_ARCH = YES;
				SDKROOT = iphoneos;
				SWIFT_ACTIVE_COMPILATION_CONDITIONS = DEBUG;
				SWIFT_OPTIMIZATION_LEVEL = "-Onone";
			};
			name = Debug;
		};
		04D50821219A614B005DE338 /* Release */ = {
			isa = XCBuildConfiguration;
			buildSettings = {
				ALWAYS_SEARCH_USER_PATHS = NO;
				CLANG_ANALYZER_NONNULL = YES;
				CLANG_ANALYZER_NUMBER_OBJECT_CONVERSION = YES_AGGRESSIVE;
				CLANG_CXX_LANGUAGE_STANDARD = "gnu++14";
				CLANG_CXX_LIBRARY = "libc++";
				CLANG_ENABLE_MODULES = YES;
				CLANG_ENABLE_OBJC_ARC = YES;
				CLANG_ENABLE_OBJC_WEAK = YES;
				CLANG_WARN_BLOCK_CAPTURE_AUTORELEASING = YES;
				CLANG_WARN_BOOL_CONVERSION = YES;
				CLANG_WARN_COMMA = YES;
				CLANG_WARN_CONSTANT_CONVERSION = YES;
				CLANG_WARN_DEPRECATED_OBJC_IMPLEMENTATIONS = YES;
				CLANG_WARN_DIRECT_OBJC_ISA_USAGE = YES_ERROR;
				CLANG_WARN_DOCUMENTATION_COMMENTS = YES;
				CLANG_WARN_EMPTY_BODY = YES;
				CLANG_WARN_ENUM_CONVERSION = YES;
				CLANG_WARN_INFINITE_RECURSION = YES;
				CLANG_WARN_INT_CONVERSION = YES;
				CLANG_WARN_NON_LITERAL_NULL_CONVERSION = YES;
				CLANG_WARN_OBJC_IMPLICIT_RETAIN_SELF = YES;
				CLANG_WARN_OBJC_LITERAL_CONVERSION = YES;
				CLANG_WARN_OBJC_ROOT_CLASS = YES_ERROR;
				CLANG_WARN_RANGE_LOOP_ANALYSIS = YES;
				CLANG_WARN_STRICT_PROTOTYPES = YES;
				CLANG_WARN_SUSPICIOUS_MOVE = YES;
				CLANG_WARN_UNGUARDED_AVAILABILITY = YES_AGGRESSIVE;
				CLANG_WARN_UNREACHABLE_CODE = YES;
				CLANG_WARN__DUPLICATE_METHOD_MATCH = YES;
				CODE_SIGN_IDENTITY = "iPhone Developer";
				COPY_PHASE_STRIP = NO;
				DEBUG_INFORMATION_FORMAT = "dwarf-with-dsym";
				ENABLE_NS_ASSERTIONS = NO;
				ENABLE_STRICT_OBJC_MSGSEND = YES;
				GCC_C_LANGUAGE_STANDARD = gnu11;
				GCC_NO_COMMON_BLOCKS = YES;
				GCC_WARN_64_TO_32_BIT_CONVERSION = YES;
				GCC_WARN_ABOUT_RETURN_TYPE = YES_ERROR;
				GCC_WARN_UNDECLARED_SELECTOR = YES;
				GCC_WARN_UNINITIALIZED_AUTOS = YES_AGGRESSIVE;
				GCC_WARN_UNUSED_FUNCTION = YES;
				GCC_WARN_UNUSED_VARIABLE = YES;
				IPHONEOS_DEPLOYMENT_TARGET = 12.1;
				MTL_ENABLE_DEBUG_INFO = NO;
				MTL_FAST_MATH = YES;
				SDKROOT = iphoneos;
				SWIFT_COMPILATION_MODE = wholemodule;
				SWIFT_OPTIMIZATION_LEVEL = "-O";
				VALIDATE_PRODUCT = YES;
			};
			name = Release;
		};
		04D50823219A614B005DE338 /* Debug */ = {
			isa = XCBuildConfiguration;
			baseConfigurationReference = C5E75F4569C1EBDE0368BE80 /* Pods-News.debug.xcconfig */;
			buildSettings = {
				ASSETCATALOG_COMPILER_APPICON_NAME = AppIcon;
				ASSETCATALOG_COMPILER_LAUNCHIMAGE_NAME = LaunchImage;
				CODE_SIGN_STYLE = Automatic;
				DEVELOPMENT_TEAM = YWXTX3L7Y3;
				INFOPLIST_FILE = News/Info.plist;
				IPHONEOS_DEPLOYMENT_TARGET = 9.0;
				LD_RUNPATH_SEARCH_PATHS = (
					"$(inherited)",
					"@executable_path/Frameworks",
				);
				PRODUCT_BUNDLE_IDENTIFIER = com.my.News0202;
				PRODUCT_NAME = "$(TARGET_NAME)";
				SWIFT_VERSION = 4.2;
				TARGETED_DEVICE_FAMILY = 1;
			};
			name = Debug;
		};
		04D50824219A614B005DE338 /* Release */ = {
			isa = XCBuildConfiguration;
			baseConfigurationReference = 28EC8238746DB1808FB9AB1B /* Pods-News.release.xcconfig */;
			buildSettings = {
				ASSETCATALOG_COMPILER_APPICON_NAME = AppIcon;
				ASSETCATALOG_COMPILER_LAUNCHIMAGE_NAME = LaunchImage;
				CODE_SIGN_STYLE = Automatic;
				DEVELOPMENT_TEAM = YWXTX3L7Y3;
				INFOPLIST_FILE = News/Info.plist;
				IPHONEOS_DEPLOYMENT_TARGET = 9.0;
				LD_RUNPATH_SEARCH_PATHS = (
					"$(inherited)",
					"@executable_path/Frameworks",
				);
				PRODUCT_BUNDLE_IDENTIFIER = com.my.News0202;
				PRODUCT_NAME = "$(TARGET_NAME)";
				SWIFT_VERSION = 4.2;
				TARGETED_DEVICE_FAMILY = 1;
			};
			name = Release;
		};
		04D50826219A614B005DE338 /* Debug */ = {
			isa = XCBuildConfiguration;
			buildSettings = {
				ALWAYS_EMBED_SWIFT_STANDARD_LIBRARIES = YES;
				BUNDLE_LOADER = "$(TEST_HOST)";
				CODE_SIGN_STYLE = Automatic;
				INFOPLIST_FILE = NewsTests/Info.plist;
				LD_RUNPATH_SEARCH_PATHS = (
					"$(inherited)",
					"@executable_path/Frameworks",
					"@loader_path/Frameworks",
				);
				PRODUCT_BUNDLE_IDENTIFIER = TEST.NewsTests;
				PRODUCT_NAME = "$(TARGET_NAME)";
				SWIFT_VERSION = 4.2;
				TARGETED_DEVICE_FAMILY = "1,2";
				TEST_HOST = "$(BUILT_PRODUCTS_DIR)/News.app/News";
			};
			name = Debug;
		};
		04D50827219A614B005DE338 /* Release */ = {
			isa = XCBuildConfiguration;
			buildSettings = {
				ALWAYS_EMBED_SWIFT_STANDARD_LIBRARIES = YES;
				BUNDLE_LOADER = "$(TEST_HOST)";
				CODE_SIGN_STYLE = Automatic;
				INFOPLIST_FILE = NewsTests/Info.plist;
				LD_RUNPATH_SEARCH_PATHS = (
					"$(inherited)",
					"@executable_path/Frameworks",
					"@loader_path/Frameworks",
				);
				PRODUCT_BUNDLE_IDENTIFIER = TEST.NewsTests;
				PRODUCT_NAME = "$(TARGET_NAME)";
				SWIFT_VERSION = 4.2;
				TARGETED_DEVICE_FAMILY = "1,2";
				TEST_HOST = "$(BUILT_PRODUCTS_DIR)/News.app/News";
			};
			name = Release;
		};
		04D50829219A614B005DE338 /* Debug */ = {
			isa = XCBuildConfiguration;
			buildSettings = {
				ALWAYS_EMBED_SWIFT_STANDARD_LIBRARIES = YES;
				CODE_SIGN_STYLE = Automatic;
				INFOPLIST_FILE = NewsUITests/Info.plist;
				LD_RUNPATH_SEARCH_PATHS = (
					"$(inherited)",
					"@executable_path/Frameworks",
					"@loader_path/Frameworks",
				);
				PRODUCT_BUNDLE_IDENTIFIER = TEST.NewsUITests;
				PRODUCT_NAME = "$(TARGET_NAME)";
				SWIFT_VERSION = 4.2;
				TARGETED_DEVICE_FAMILY = "1,2";
				TEST_TARGET_NAME = News;
			};
			name = Debug;
		};
		04D5082A219A614B005DE338 /* Release */ = {
			isa = XCBuildConfiguration;
			buildSettings = {
				ALWAYS_EMBED_SWIFT_STANDARD_LIBRARIES = YES;
				CODE_SIGN_STYLE = Automatic;
				INFOPLIST_FILE = NewsUITests/Info.plist;
				LD_RUNPATH_SEARCH_PATHS = (
					"$(inherited)",
					"@executable_path/Frameworks",
					"@loader_path/Frameworks",
				);
				PRODUCT_BUNDLE_IDENTIFIER = TEST.NewsUITests;
				PRODUCT_NAME = "$(TARGET_NAME)";
				SWIFT_VERSION = 4.2;
				TARGETED_DEVICE_FAMILY = "1,2";
				TEST_TARGET_NAME = News;
			};
			name = Release;
		};
/* End XCBuildConfiguration section */

/* Begin XCConfigurationList section */
		04D507F5219A614A005DE338 /* Build configuration list for PBXProject "News" */ = {
			isa = XCConfigurationList;
			buildConfigurations = (
				04D50820219A614B005DE338 /* Debug */,
				04D50821219A614B005DE338 /* Release */,
			);
			defaultConfigurationIsVisible = 0;
			defaultConfigurationName = Release;
		};
		04D50822219A614B005DE338 /* Build configuration list for PBXNativeTarget "News" */ = {
			isa = XCConfigurationList;
			buildConfigurations = (
				04D50823219A614B005DE338 /* Debug */,
				04D50824219A614B005DE338 /* Release */,
			);
			defaultConfigurationIsVisible = 0;
			defaultConfigurationName = Release;
		};
		04D50825219A614B005DE338 /* Build configuration list for PBXNativeTarget "NewsTests" */ = {
			isa = XCConfigurationList;
			buildConfigurations = (
				04D50826219A614B005DE338 /* Debug */,
				04D50827219A614B005DE338 /* Release */,
			);
			defaultConfigurationIsVisible = 0;
			defaultConfigurationName = Release;
		};
		04D50828219A614B005DE338 /* Build configuration list for PBXNativeTarget "NewsUITests" */ = {
			isa = XCConfigurationList;
			buildConfigurations = (
				04D50829219A614B005DE338 /* Debug */,
				04D5082A219A614B005DE338 /* Release */,
			);
			defaultConfigurationIsVisible = 0;
			defaultConfigurationName = Release;
		};
/* End XCConfigurationList section */
	};
	rootObject = 04D507F2219A614A005DE338 /* Project object */;
}
